// !$*UTF8*$!
{
	archiveVersion = 1;
	classes = {
	};
	objectVersion = 55;
	objects = {

/* Begin PBXBuildFile section */
		D35E1FE728BC82E50043DB0E /* AppDelegate.swift in Sources */ = {isa = PBXBuildFile; fileRef = D35E1FE628BC82E50043DB0E /* AppDelegate.swift */; };
		D35E1FE928BC82E50043DB0E /* SceneDelegate.swift in Sources */ = {isa = PBXBuildFile; fileRef = D35E1FE828BC82E50043DB0E /* SceneDelegate.swift */; };
		D35E1FEB28BC82E50043DB0E /* GamesViewController.swift in Sources */ = {isa = PBXBuildFile; fileRef = D35E1FEA28BC82E50043DB0E /* GamesViewController.swift */; };
		D35E1FEE28BC82E50043DB0E /* Main.storyboard in Resources */ = {isa = PBXBuildFile; fileRef = D35E1FEC28BC82E50043DB0E /* Main.storyboard */; };
		D35E1FF028BC82E60043DB0E /* Assets.xcassets in Resources */ = {isa = PBXBuildFile; fileRef = D35E1FEF28BC82E60043DB0E /* Assets.xcassets */; };
		D35E1FF328BC82E60043DB0E /* LaunchScreen.storyboard in Resources */ = {isa = PBXBuildFile; fileRef = D35E1FF128BC82E60043DB0E /* LaunchScreen.storyboard */; };
		D35E1FFB28BC88BF0043DB0E /* AppViewController.swift in Sources */ = {isa = PBXBuildFile; fileRef = D35E1FFA28BC88BF0043DB0E /* AppViewController.swift */; };
		D35E1FFD28BC89390043DB0E /* SearchViewController.swift in Sources */ = {isa = PBXBuildFile; fileRef = D35E1FFC28BC89390043DB0E /* SearchViewController.swift */; };
		D35E200028BC8B630043DB0E /* Games.storyboard in Resources */ = {isa = PBXBuildFile; fileRef = D35E1FFE28BC8B630043DB0E /* Games.storyboard */; };
		D35E200228BC8BE70043DB0E /* Search.storyboard in Resources */ = {isa = PBXBuildFile; fileRef = D35E200128BC8BE70043DB0E /* Search.storyboard */; };
		D35E200528BC8BFE0043DB0E /* Apps.storyboard in Resources */ = {isa = PBXBuildFile; fileRef = D35E200328BC8BFE0043DB0E /* Apps.storyboard */; };
		D3EDF84528C0E75E00FB8559 /* FeaturedCollectionViewCell.swift in Sources */ = {isa = PBXBuildFile; fileRef = D3EDF84428C0E75E00FB8559 /* FeaturedCollectionViewCell.swift */; };
		D3EDF84828C0FD8200FB8559 /* Kingfisher in Frameworks */ = {isa = PBXBuildFile; productRef = D3EDF84728C0FD8200FB8559 /* Kingfisher */; };
/* End PBXBuildFile section */

/* Begin PBXFileReference section */
		D35E1FE328BC82E50043DB0E /* AppStoreClone.app */ = {isa = PBXFileReference; explicitFileType = wrapper.application; includeInIndex = 0; path = AppStoreClone.app; sourceTree = BUILT_PRODUCTS_DIR; };
		D35E1FE628BC82E50043DB0E /* AppDelegate.swift */ = {isa = PBXFileReference; lastKnownFileType = sourcecode.swift; path = AppDelegate.swift; sourceTree = "<group>"; };
		D35E1FE828BC82E50043DB0E /* SceneDelegate.swift */ = {isa = PBXFileReference; lastKnownFileType = sourcecode.swift; path = SceneDelegate.swift; sourceTree = "<group>"; };
		D35E1FEA28BC82E50043DB0E /* GamesViewController.swift */ = {isa = PBXFileReference; lastKnownFileType = sourcecode.swift; path = GamesViewController.swift; sourceTree = "<group>"; };
		D35E1FED28BC82E50043DB0E /* Base */ = {isa = PBXFileReference; lastKnownFileType = file.storyboard; name = Base; path = Base.lproj/Main.storyboard; sourceTree = "<group>"; };
		D35E1FEF28BC82E60043DB0E /* Assets.xcassets */ = {isa = PBXFileReference; lastKnownFileType = folder.assetcatalog; path = Assets.xcassets; sourceTree = "<group>"; };
		D35E1FF228BC82E60043DB0E /* Base */ = {isa = PBXFileReference; lastKnownFileType = file.storyboard; name = Base; path = Base.lproj/LaunchScreen.storyboard; sourceTree = "<group>"; };
		D35E1FF428BC82E60043DB0E /* Info.plist */ = {isa = PBXFileReference; lastKnownFileType = text.plist.xml; path = Info.plist; sourceTree = "<group>"; };
		D35E1FFA28BC88BF0043DB0E /* AppViewController.swift */ = {isa = PBXFileReference; lastKnownFileType = sourcecode.swift; path = AppViewController.swift; sourceTree = "<group>"; };
		D35E1FFC28BC89390043DB0E /* SearchViewController.swift */ = {isa = PBXFileReference; lastKnownFileType = sourcecode.swift; path = SearchViewController.swift; sourceTree = "<group>"; };
		D35E1FFF28BC8B630043DB0E /* Base */ = {isa = PBXFileReference; lastKnownFileType = file.storyboard; name = Base; path = AppStoreClone/Base.lproj/Games.storyboard; sourceTree = "<group>"; };
		D35E200128BC8BE70043DB0E /* Search.storyboard */ = {isa = PBXFileReference; fileEncoding = 4; lastKnownFileType = file.storyboard; path = Search.storyboard; sourceTree = "<group>"; };
		D35E200428BC8BFE0043DB0E /* Base */ = {isa = PBXFileReference; lastKnownFileType = file.storyboard; name = Base; path = AppStoreClone/Base.lproj/Apps.storyboard; sourceTree = "<group>"; };
		D3EDF84428C0E75E00FB8559 /* FeaturedCollectionViewCell.swift */ = {isa = PBXFileReference; lastKnownFileType = sourcecode.swift; path = FeaturedCollectionViewCell.swift; sourceTree = "<group>"; };
/* End PBXFileReference section */

/* Begin PBXFrameworksBuildPhase section */
		D35E1FE028BC82E50043DB0E /* Frameworks */ = {
			isa = PBXFrameworksBuildPhase;
			buildActionMask = 2147483647;
			files = (
				D3EDF84828C0FD8200FB8559 /* Kingfisher in Frameworks */,
			);
			runOnlyForDeploymentPostprocessing = 0;
		};
/* End PBXFrameworksBuildPhase section */

/* Begin PBXGroup section */
		D35E1FDA28BC82E50043DB0E = {
			isa = PBXGroup;
			children = (
				D35E1FE528BC82E50043DB0E /* AppStoreClone */,
				D35E1FE428BC82E50043DB0E /* Products */,
			);
			sourceTree = "<group>";
		};
		D35E1FE428BC82E50043DB0E /* Products */ = {
			isa = PBXGroup;
			children = (
				D35E1FE328BC82E50043DB0E /* AppStoreClone.app */,
			);
			name = Products;
			sourceTree = "<group>";
		};
		D35E1FE528BC82E50043DB0E /* AppStoreClone */ = {
			isa = PBXGroup;
			children = (
				D35E200928BC8D6A0043DB0E /* Support Files */,
				D35E200628BC8C070043DB0E /* Games */,
				D35E200728BC8C100043DB0E /* Apps */,
				D35E200828BC8C150043DB0E /* Search */,
			);
			path = AppStoreClone;
			sourceTree = "<group>";
		};
		D35E200628BC8C070043DB0E /* Games */ = {
			isa = PBXGroup;
			children = (
				D3EDF84128C0E24A00FB8559 /* view */,
				D35E1FFE28BC8B630043DB0E /* Games.storyboard */,
				D35E1FEA28BC82E50043DB0E /* GamesViewController.swift */,
			);
			path = Games;
			sourceTree = "<group>";
		};
		D35E200728BC8C100043DB0E /* Apps */ = {
			isa = PBXGroup;
			children = (
				D35E200328BC8BFE0043DB0E /* Apps.storyboard */,
				D35E1FFA28BC88BF0043DB0E /* AppViewController.swift */,
			);
			path = Apps;
			sourceTree = "<group>";
		};
		D35E200828BC8C150043DB0E /* Search */ = {
			isa = PBXGroup;
			children = (
				D35E200128BC8BE70043DB0E /* Search.storyboard */,
				D35E1FFC28BC89390043DB0E /* SearchViewController.swift */,
			);
			path = Search;
			sourceTree = "<group>";
		};
		D35E200928BC8D6A0043DB0E /* Support Files */ = {
			isa = PBXGroup;
			children = (
				D35E1FE628BC82E50043DB0E /* AppDelegate.swift */,
				D35E1FE828BC82E50043DB0E /* SceneDelegate.swift */,
				D35E1FEC28BC82E50043DB0E /* Main.storyboard */,
				D35E1FEF28BC82E60043DB0E /* Assets.xcassets */,
				D35E1FF128BC82E60043DB0E /* LaunchScreen.storyboard */,
				D35E1FF428BC82E60043DB0E /* Info.plist */,
			);
			name = "Support Files";
			sourceTree = "<group>";
		};
		D3EDF84128C0E24A00FB8559 /* view */ = {
			isa = PBXGroup;
			children = (
				D3EDF84428C0E75E00FB8559 /* FeaturedCollectionViewCell.swift */,
			);
			path = view;
			sourceTree = "<group>";
		};
/* End PBXGroup section */

/* Begin PBXNativeTarget section */
		D35E1FE228BC82E50043DB0E /* AppStoreClone */ = {
			isa = PBXNativeTarget;
			buildConfigurationList = D35E1FF728BC82E60043DB0E /* Build configuration list for PBXNativeTarget "AppStoreClone" */;
			buildPhases = (
				D35E1FDF28BC82E50043DB0E /* Sources */,
				D35E1FE028BC82E50043DB0E /* Frameworks */,
				D35E1FE128BC82E50043DB0E /* Resources */,
			);
			buildRules = (
			);
			dependencies = (
			);
			name = AppStoreClone;
			packageProductDependencies = (
				D3EDF84728C0FD8200FB8559 /* Kingfisher */,
			);
			productName = AppStoreClone;
			productReference = D35E1FE328BC82E50043DB0E /* AppStoreClone.app */;
			productType = "com.apple.product-type.application";
		};
/* End PBXNativeTarget section */

/* Begin PBXProject section */
		D35E1FDB28BC82E50043DB0E /* Project object */ = {
			isa = PBXProject;
			attributes = {
				BuildIndependentTargetsInParallel = 1;
				LastSwiftUpdateCheck = 1340;
				LastUpgradeCheck = 1340;
				TargetAttributes = {
					D35E1FE228BC82E50043DB0E = {
						CreatedOnToolsVersion = 13.4.1;
					};
				};
			};
			buildConfigurationList = D35E1FDE28BC82E50043DB0E /* Build configuration list for PBXProject "AppStoreClone" */;
			compatibilityVersion = "Xcode 13.0";
			developmentRegion = en;
			hasScannedForEncodings = 0;
			knownRegions = (
				en,
				Base,
			);
			mainGroup = D35E1FDA28BC82E50043DB0E;
			packageReferences = (
				D3EDF84628C0FD8200FB8559 /* XCRemoteSwiftPackageReference "Kingfisher" */,
			);
			productRefGroup = D35E1FE428BC82E50043DB0E /* Products */;
			projectDirPath = "";
			projectRoot = "";
			targets = (
				D35E1FE228BC82E50043DB0E /* AppStoreClone */,
			);
		};
/* End PBXProject section */

/* Begin PBXResourcesBuildPhase section */
		D35E1FE128BC82E50043DB0E /* Resources */ = {
			isa = PBXResourcesBuildPhase;
			buildActionMask = 2147483647;
			files = (
				D35E200028BC8B630043DB0E /* Games.storyboard in Resources */,
				D35E1FF328BC82E60043DB0E /* LaunchScreen.storyboard in Resources */,
				D35E1FF028BC82E60043DB0E /* Assets.xcassets in Resources */,
				D35E1FEE28BC82E50043DB0E /* Main.storyboard in Resources */,
				D35E200528BC8BFE0043DB0E /* Apps.storyboard in Resources */,
				D35E200228BC8BE70043DB0E /* Search.storyboard in Resources */,
			);
			runOnlyForDeploymentPostprocessing = 0;
		};
/* End PBXResourcesBuildPhase section */

/* Begin PBXSourcesBuildPhase section */
		D35E1FDF28BC82E50043DB0E /* Sources */ = {
			isa = PBXSourcesBuildPhase;
			buildActionMask = 2147483647;
			files = (
				D35E1FFD28BC89390043DB0E /* SearchViewController.swift in Sources */,
				D35E1FEB28BC82E50043DB0E /* GamesViewController.swift in Sources */,
				D3EDF84528C0E75E00FB8559 /* FeaturedCollectionViewCell.swift in Sources */,
				D35E1FE728BC82E50043DB0E /* AppDelegate.swift in Sources */,
				D35E1FFB28BC88BF0043DB0E /* AppViewController.swift in Sources */,
				D35E1FE928BC82E50043DB0E /* SceneDelegate.swift in Sources */,
			);
			runOnlyForDeploymentPostprocessing = 0;
		};
/* End PBXSourcesBuildPhase section */

/* Begin PBXVariantGroup section */
		D35E1FEC28BC82E50043DB0E /* Main.storyboard */ = {
			isa = PBXVariantGroup;
			children = (
				D35E1FED28BC82E50043DB0E /* Base */,
			);
			name = Main.storyboard;
			sourceTree = "<group>";
		};
		D35E1FF128BC82E60043DB0E /* LaunchScreen.storyboard */ = {
			isa = PBXVariantGroup;
			children = (
				D35E1FF228BC82E60043DB0E /* Base */,
			);
			name = LaunchScreen.storyboard;
			sourceTree = "<group>";
		};
		D35E1FFE28BC8B630043DB0E /* Games.storyboard */ = {
			isa = PBXVariantGroup;
			children = (
				D35E1FFF28BC8B630043DB0E /* Base */,
			);
			name = Games.storyboard;
			sourceTree = "<group>";
		};
		D35E200328BC8BFE0043DB0E /* Apps.storyboard */ = {
			isa = PBXVariantGroup;
			children = (
				D35E200428BC8BFE0043DB0E /* Base */,
			);
			name = Apps.storyboard;
			sourceTree = "<group>";
		};
/* End PBXVariantGroup section */

/* Begin XCBuildConfiguration section */
		D35E1FF528BC82E60043DB0E /* Debug */ = {
			isa = XCBuildConfiguration;
			buildSettings = {
				ALWAYS_SEARCH_USER_PATHS = NO;
				CLANG_ANALYZER_NONNULL = YES;
				CLANG_ANALYZER_NUMBER_OBJECT_CONVERSION = YES_AGGRESSIVE;
				CLANG_CXX_LANGUAGE_STANDARD = "gnu++17";
				CLANG_ENABLE_MODULES = YES;
				CLANG_ENABLE_OBJC_ARC = YES;
				CLANG_ENABLE_OBJC_WEAK = YES;
				CLANG_WARN_BLOCK_CAPTURE_AUTORELEASING = YES;
				CLANG_WARN_BOOL_CONVERSION = YES;
				CLANG_WARN_COMMA = YES;
				CLANG_WARN_CONSTANT_CONVERSION = YES;
				CLANG_WARN_DEPRECATED_OBJC_IMPLEMENTATIONS = YES;
				CLANG_WARN_DIRECT_OBJC_ISA_USAGE = YES_ERROR;
				CLANG_WARN_DOCUMENTATION_COMMENTS = YES;
				CLANG_WARN_EMPTY_BODY = YES;
				CLANG_WARN_ENUM_CONVERSION = YES;
				CLANG_WARN_INFINITE_RECURSION = YES;
				CLANG_WARN_INT_CONVERSION = YES;
				CLANG_WARN_NON_LITERAL_NULL_CONVERSION = YES;
				CLANG_WARN_OBJC_IMPLICIT_RETAIN_SELF = YES;
				CLANG_WARN_OBJC_LITERAL_CONVERSION = YES;
				CLANG_WARN_OBJC_ROOT_CLASS = YES_ERROR;
				CLANG_WARN_QUOTED_INCLUDE_IN_FRAMEWORK_HEADER = YES;
				CLANG_WARN_RANGE_LOOP_ANALYSIS = YES;
				CLANG_WARN_STRICT_PROTOTYPES = YES;
				CLANG_WARN_SUSPICIOUS_MOVE = YES;
				CLANG_WARN_UNGUARDED_AVAILABILITY = YES_AGGRESSIVE;
				CLANG_WARN_UNREACHABLE_CODE = YES;
				CLANG_WARN__DUPLICATE_METHOD_MATCH = YES;
				COPY_PHASE_STRIP = NO;
				DEBUG_INFORMATION_FORMAT = dwarf;
				ENABLE_STRICT_OBJC_MSGSEND = YES;
				ENABLE_TESTABILITY = YES;
				GCC_C_LANGUAGE_STANDARD = gnu11;
				GCC_DYNAMIC_NO_PIC = NO;
				GCC_NO_COMMON_BLOCKS = YES;
				GCC_OPTIMIZATION_LEVEL = 0;
				GCC_PREPROCESSOR_DEFINITIONS = (
					"DEBUG=1",
					"$(inherited)",
				);
				GCC_WARN_64_TO_32_BIT_CONVERSION = YES;
				GCC_WARN_ABOUT_RETURN_TYPE = YES_ERROR;
				GCC_WARN_UNDECLARED_SELECTOR = YES;
				GCC_WARN_UNINITIALIZED_AUTOS = YES_AGGRESSIVE;
				GCC_WARN_UNUSED_FUNCTION = YES;
				GCC_WARN_UNUSED_VARIABLE = YES;
				IPHONEOS_DEPLOYMENT_TARGET = 15.5;
				MTL_ENABLE_DEBUG_INFO = INCLUDE_SOURCE;
				MTL_FAST_MATH = YES;
				ONLY_ACTIVE_ARCH = YES;
				SDKROOT = iphoneos;
				SWIFT_ACTIVE_COMPILATION_CONDITIONS = DEBUG;
				SWIFT_OPTIMIZATION_LEVEL = "-Onone";
			};
			name = Debug;
		};
		D35E1FF628BC82E60043DB0E /* Release */ = {
			isa = XCBuildConfiguration;
			buildSettings = {
				ALWAYS_SEARCH_USER_PATHS = NO;
				CLANG_ANALYZER_NONNULL = YES;
				CLANG_ANALYZER_NUMBER_OBJECT_CONVERSION = YES_AGGRESSIVE;
				CLANG_CXX_LANGUAGE_STANDARD = "gnu++17";
				CLANG_ENABLE_MODULES = YES;
				CLANG_ENABLE_OBJC_ARC = YES;
				CLANG_ENABLE_OBJC_WEAK = YES;
				CLANG_WARN_BLOCK_CAPTURE_AUTORELEASING = YES;
				CLANG_WARN_BOOL_CONVERSION = YES;
				CLANG_WARN_COMMA = YES;
				CLANG_WARN_CONSTANT_CONVERSION = YES;
				CLANG_WARN_DEPRECATED_OBJC_IMPLEMENTATIONS = YES;
				CLANG_WARN_DIRECT_OBJC_ISA_USAGE = YES_ERROR;
				CLANG_WARN_DOCUMENTATION_COMMENTS = YES;
				CLANG_WARN_EMPTY_BODY = YES;
				CLANG_WARN_ENUM_CONVERSION = YES;
				CLANG_WARN_INFINITE_RECURSION = YES;
				CLANG_WARN_INT_CONVERSION = YES;
				CLANG_WARN_NON_LITERAL_NULL_CONVERSION = YES;
				CLANG_WARN_OBJC_IMPLICIT_RETAIN_SELF = YES;
				CLANG_WARN_OBJC_LITERAL_CONVERSION = YES;
				CLANG_WARN_OBJC_ROOT_CLASS = YES_ERROR;
				CLANG_WARN_QUOTED_INCLUDE_IN_FRAMEWORK_HEADER = YES;
				CLANG_WARN_RANGE_LOOP_ANALYSIS = YES;
				CLANG_WARN_STRICT_PROTOTYPES = YES;
				CLANG_WARN_SUSPICIOUS_MOVE = YES;
				CLANG_WARN_UNGUARDED_AVAILABILITY = YES_AGGRESSIVE;
				CLANG_WARN_UNREACHABLE_CODE = YES;
				CLANG_WARN__DUPLICATE_METHOD_MATCH = YES;
				COPY_PHASE_STRIP = NO;
				DEBUG_INFORMATION_FORMAT = "dwarf-with-dsym";
				ENABLE_NS_ASSERTIONS = NO;
				ENABLE_STRICT_OBJC_MSGSEND = YES;
				GCC_C_LANGUAGE_STANDARD = gnu11;
				GCC_NO_COMMON_BLOCKS = YES;
				GCC_WARN_64_TO_32_BIT_CONVERSION = YES;
				GCC_WARN_ABOUT_RETURN_TYPE = YES_ERROR;
				GCC_WARN_UNDECLARED_SELECTOR = YES;
				GCC_WARN_UNINITIALIZED_AUTOS = YES_AGGRESSIVE;
				GCC_WARN_UNUSED_FUNCTION = YES;
				GCC_WARN_UNUSED_VARIABLE = YES;
				IPHONEOS_DEPLOYMENT_TARGET = 15.5;
				MTL_ENABLE_DEBUG_INFO = NO;
				MTL_FAST_MATH = YES;
				SDKROOT = iphoneos;
				SWIFT_COMPILATION_MODE = wholemodule;
				SWIFT_OPTIMIZATION_LEVEL = "-O";
				VALIDATE_PRODUCT = YES;
			};
			name = Release;
		};
		D35E1FF828BC82E60043DB0E /* Debug */ = {
			isa = XCBuildConfiguration;
			buildSettings = {
				ASSETCATALOG_COMPILER_APPICON_NAME = AppIcon;
				ASSETCATALOG_COMPILER_GLOBAL_ACCENT_COLOR_NAME = AccentColor;
				CODE_SIGN_STYLE = Automatic;
				CURRENT_PROJECT_VERSION = 1;
				DEVELOPMENT_TEAM = KFG37AXT2Q;
				GENERATE_INFOPLIST_FILE = YES;
				INFOPLIST_FILE = AppStoreClone/Info.plist;
				INFOPLIST_KEY_CFBundleDisplayName = "App Soter Clone";
				INFOPLIST_KEY_UIApplicationSupportsIndirectInputEvents = YES;
				INFOPLIST_KEY_UILaunchStoryboardName = LaunchScreen;
				INFOPLIST_KEY_UIMainStoryboardFile = Main;
				INFOPLIST_KEY_UISupportedInterfaceOrientations_iPad = "UIInterfaceOrientationPortrait UIInterfaceOrientationPortraitUpsideDown UIInterfaceOrientationLandscapeLeft UIInterfaceOrientationLandscapeRight";
				INFOPLIST_KEY_UISupportedInterfaceOrientations_iPhone = "UIInterfaceOrientationPortrait UIInterfaceOrientationLandscapeLeft UIInterfaceOrientationLandscapeRight";
				IPHONEOS_DEPLOYMENT_TARGET = 15.0;
				LD_RUNPATH_SEARCH_PATHS = (
					"$(inherited)",
					"@executable_path/Frameworks",
				);
				MARKETING_VERSION = 1.0.0;
				PRODUCT_BUNDLE_IDENTIFIER = kr.co.hyunsu.AppStoreClone;
				PRODUCT_NAME = "$(TARGET_NAME)";
				SWIFT_EMIT_LOC_STRINGS = YES;
				SWIFT_VERSION = 5.0;
				TARGETED_DEVICE_FAMILY = 1;
			};
			name = Debug;
		};
		D35E1FF928BC82E60043DB0E /* Release */ = {
			isa = XCBuildConfiguration;
			buildSettings = {
				ASSETCATALOG_COMPILER_APPICON_NAME = AppIcon;
				ASSETCATALOG_COMPILER_GLOBAL_ACCENT_COLOR_NAME = AccentColor;
				CODE_SIGN_STYLE = Automatic;
				CURRENT_PROJECT_VERSION = 1;
				DEVELOPMENT_TEAM = KFG37AXT2Q;
				GENERATE_INFOPLIST_FILE = YES;
				INFOPLIST_FILE = AppStoreClone/Info.plist;
				INFOPLIST_KEY_CFBundleDisplayName = "App Soter Clone";
				INFOPLIST_KEY_UIApplicationSupportsIndirectInputEvents = YES;
				INFOPLIST_KEY_UILaunchStoryboardName = LaunchScreen;
				INFOPLIST_KEY_UIMainStoryboardFile = Main;
				INFOPLIST_KEY_UISupportedInterfaceOrientations_iPad = "UIInterfaceOrientationPortrait UIInterfaceOrientationPortraitUpsideDown UIInterfaceOrientationLandscapeLeft UIInterfaceOrientationLandscapeRight";
				INFOPLIST_KEY_UISupportedInterfaceOrientations_iPhone = "UIInterfaceOrientationPortrait UIInterfaceOrientationLandscapeLeft UIInterfaceOrientationLandscapeRight";
				IPHONEOS_DEPLOYMENT_TARGET = 15.0;
				LD_RUNPATH_SEARCH_PATHS = (
					"$(inherited)",
					"@executable_path/Frameworks",
				);
				MARKETING_VERSION = 1.0.0;
				PRODUCT_BUNDLE_IDENTIFIER = kr.co.hyunsu.AppStoreClone;
				PRODUCT_NAME = "$(TARGET_NAME)";
				SWIFT_EMIT_LOC_STRINGS = YES;
				SWIFT_VERSION = 5.0;
				TARGETED_DEVICE_FAMILY = 1;
			};
			name = Release;
		};
/* End XCBuildConfiguration section */

/* Begin XCConfigurationList section */
		D35E1FDE28BC82E50043DB0E /* Build configuration list for PBXProject "AppStoreClone" */ = {
			isa = XCConfigurationList;
			buildConfigurations = (
				D35E1FF528BC82E60043DB0E /* Debug */,
				D35E1FF628BC82E60043DB0E /* Release */,
			);
			defaultConfigurationIsVisible = 0;
			defaultConfigurationName = Release;
		};
		D35E1FF728BC82E60043DB0E /* Build configuration list for PBXNativeTarget "AppStoreClone" */ = {
			isa = XCConfigurationList;
			buildConfigurations = (
				D35E1FF828BC82E60043DB0E /* Debug */,
				D35E1FF928BC82E60043DB0E /* Release */,
			);
			defaultConfigurationIsVisible = 0;
			defaultConfigurationName = Release;
		};
/* End XCConfigurationList section */

/* Begin XCRemoteSwiftPackageReference section */
		D3EDF84628C0FD8200FB8559 /* XCRemoteSwiftPackageReference "Kingfisher" */ = {
			isa = XCRemoteSwiftPackageReference;
			repositoryURL = "https://github.com/onevcat/Kingfisher";
			requirement = {
				kind = upToNextMajorVersion;
				minimumVersion = 7.0.0;
			};
		};
/* End XCRemoteSwiftPackageReference section */

/* Begin XCSwiftPackageProductDependency section */
		D3EDF84728C0FD8200FB8559 /* Kingfisher */ = {
			isa = XCSwiftPackageProductDependency;
			package = D3EDF84628C0FD8200FB8559 /* XCRemoteSwiftPackageReference "Kingfisher" */;
			productName = Kingfisher;
		};
/* End XCSwiftPackageProductDependency section */
	};
	rootObject = D35E1FDB28BC82E50043DB0E /* Project object */;
}
